
Microsoft Visual Studio Solution File, Format Version 12.00
# Visual Studio Version 17
VisualStudioVersion = 17.0.31903.59
MinimumVisualStudioVersion = 10.0.40219.1
Project("{9A19103F-16F7-4668-BE54-9A1E7A4F7556}") = "Core", "Core\Core.csproj", "{32E6DAC9-D5C3-418A-8217-F44AE03891CB}"
EndProject
Project("{9A19103F-16F7-4668-BE54-9A1E7A4F7556}") = "Tests", "Tests\Tests.csproj", "{21EFABBF-C800-40B1-96FE-AF1403CC8265}"
EndProject
Global
	GlobalSection(SolutionConfigurationPlatforms) = preSolution
		Debug|Any CPU = Debug|Any CPU
		Release|Any CPU = Release|Any CPU
	EndGlobalSection
	GlobalSection(ProjectConfigurationPlatforms) = postSolution
		{32E6DAC9-D5C3-418A-8217-F44AE03891CB}.Debug|Any CPU.ActiveCfg = Debug|Any CPU
		{32E6DAC9-D5C3-418A-8217-F44AE03891CB}.Debug|Any CPU.Build.0 = Debug|Any CPU
		{32E6DAC9-D5C3-418A-8217-F44AE03891CB}.Release|Any CPU.ActiveCfg = Release|Any CPU
		{32E6DAC9-D5C3-418A-8217-F44AE03891CB}.Release|Any CPU.Build.0 = Release|Any CPU
		{21EFABBF-C800-40B1-96FE-AF1403CC8265}.Debug|Any CPU.ActiveCfg = Debug|Any CPU
		{21EFABBF-C800-40B1-96FE-AF1403CC8265}.Debug|Any CPU.Build.0 = Debug|Any CPU
		{21EFABBF-C800-40B1-96FE-AF1403CC8265}.Release|Any CPU.ActiveCfg = Release|Any CPU
		{21EFABBF-C800-40B1-96FE-AF1403CC8265}.Release|Any CPU.Build.0 = Release|Any CPU
	EndGlobalSection
	GlobalSection(SolutionProperties) = preSolution
		HideSolutionNode = FALSE
	EndGlobalSection
	GlobalSection(ExtensibilityGlobals) = postSolution
		SolutionGuid = {BCB93B82-8921-41C7-B85F-B657831FFBE5}
	EndGlobalSection
EndGlobal
